
Microsoft Visual Studio Solution File, Format Version 11.00
# Visual Studio 2010
Project("{FAE04EC0-301F-11D3-BF4B-00C04F79EFBC}") = "New Home New Life", "Assembly-CSharp.csproj", "{872DEE55-6CE3-8C5F-B06C-BB77117D3E08}"
EndProject
Project("{FAE04EC0-301F-11D3-BF4B-00C04F79EFBC}") = "New Home New Life", "Assembly-CSharp-Editor.csproj", "{3D27FA58-A6D1-68F7-372B-9A293C629238}"
EndProject
Global
	GlobalSection(SolutionConfigurationPlatforms) = preSolution
		Debug|Any CPU = Debug|Any CPU
		Release|Any CPU = Release|Any CPU
	EndGlobalSection
	GlobalSection(ProjectConfigurationPlatforms) = postSolution
		{872DEE55-6CE3-8C5F-B06C-BB77117D3E08}.Debug|Any CPU.ActiveCfg = Debug|Any CPU
		{872DEE55-6CE3-8C5F-B06C-BB77117D3E08}.Debug|Any CPU.Build.0 = Debug|Any CPU
		{872DEE55-6CE3-8C5F-B06C-BB77117D3E08}.Release|Any CPU.ActiveCfg = Release|Any CPU
		{872DEE55-6CE3-8C5F-B06C-BB77117D3E08}.Release|Any CPU.Build.0 = Release|Any CPU
		{3D27FA58-A6D1-68F7-372B-9A293C629238}.Debug|Any CPU.ActiveCfg = Debug|Any CPU
		{3D27FA58-A6D1-68F7-372B-9A293C629238}.Debug|Any CPU.Build.0 = Debug|Any CPU
		{3D27FA58-A6D1-68F7-372B-9A293C629238}.Release|Any CPU.ActiveCfg = Release|Any CPU
		{3D27FA58-A6D1-68F7-372B-9A293C629238}.Release|Any CPU.Build.0 = Release|Any CPU
	EndGlobalSection
	GlobalSection(SolutionProperties) = preSolution
		HideSolutionNode = FALSE
	EndGlobalSection
	GlobalSection(MonoDevelopProperties) = preSolution
		StartupItem = Assembly-CSharp.csproj
	EndGlobalSection
EndGlobal
